{
  "version": 4,
  "terraform_version": "1.5.7",
  "serial": 3,
  "lineage": "38118ad2-18b9-4bb3-2355-df86d40bf408",
  "outputs": {},
  "resources": [
    {
      "mode": "managed",
      "type": "google_container_cluster",
      "name": "demo",
      "provider": "provider[\"registry.terraform.io/hashicorp/google\"]",
      "instances": [
        {
          "schema_version": 1,
          "attributes": {
            "addons_config": [
              {
                "cloudrun_config": [],
                "config_connector_config": [],
                "dns_cache_config": [],
                "gce_persistent_disk_csi_driver_config": [
                  {
                    "enabled": true
                  }
                ],
                "gcp_filestore_csi_driver_config": [],
                "gke_backup_agent_config": [],
                "horizontal_pod_autoscaling": [],
                "http_load_balancing": [],
                "network_policy_config": [
                  {
                    "disabled": true
                  }
                ]
              }
            ],
            "authenticator_groups_config": [],
            "binary_authorization": [
              {
                "enabled": false,
                "evaluation_mode": ""
              }
            ],
            "cluster_autoscaling": [
              {
                "auto_provisioning_defaults": [],
                "enabled": false,
                "resource_limits": []
              }
            ],
            "cluster_ipv4_cidr": "10.48.0.0/14",
            "confidential_nodes": [],
            "cost_management_config": [],
            "database_encryption": [
              {
                "key_name": "",
                "state": "DECRYPTED"
              }
            ],
            "datapath_provider": "",
            "default_max_pods_per_node": null,
            "default_snat_status": [
              {
                "disabled": false
              }
            ],
            "description": "",
            "dns_config": [],
            "enable_autopilot": false,
            "enable_binary_authorization": false,
            "enable_intranode_visibility": false,
            "enable_kubernetes_alpha": false,
            "enable_l4_ilb_subsetting": false,
            "enable_legacy_abac": false,
            "enable_shielded_nodes": true,
            "enable_tpu": false,
            "endpoint": "35.193.65.100",
            "gateway_api_config": [],
            "id": "projects/prometheus-419514/locations/us-central1-c/clusters/demo",
            "initial_node_count": 1,
            "ip_allocation_policy": [],
            "label_fingerprint": "a9dc16a7",
            "location": "us-central1-c",
            "logging_config": [
              {
                "enable_components": [
                  "SYSTEM_COMPONENTS",
                  "WORKLOADS"
                ]
              }
            ],
            "logging_service": "logging.googleapis.com/kubernetes",
            "maintenance_policy": [],
            "master_auth": [
              {
                "client_certificate": "",
                "client_certificate_config": [
                  {
                    "issue_client_certificate": false
                  }
                ],
                "client_key": "",
                "cluster_ca_certificate": "LS0tLS1CRUdJTiBDRVJUSUZJQ0FURS0tLS0tCk1JSUVMRENDQXBTZ0F3SUJBZ0lRSmwvanpnVmxOY1JJZWQ3aE5xKy9lakFOQmdrcWhraUc5dzBCQVFzRkFEQXYKTVMwd0t3WURWUVFERXlSbFpHTTBOMll3TXkwNVlUY3pMVFJqWWprdE9UZGlNeTAxTlRreE5tTXhaak0zWmpZdwpJQmNOTWpRd05UQTRNVEEwT0RJMVdoZ1BNakExTkRBMU1ERXhNVFE0TWpWYU1DOHhMVEFyQmdOVkJBTVRKR1ZrCll6UTNaakF6TFRsaE56TXROR05pT1MwNU4ySXpMVFUxT1RFMll6Rm1NemRtTmpDQ0FhSXdEUVlKS29aSWh2Y04KQVFFQkJRQURnZ0dQQURDQ0FZb0NnZ0dCQU0xT3BiUU9VVVYvNnRoV2Jvbk1PMExIR2c5MVFmYTg3VUdsQU5EaApzOXdVSTMveWFtdmRQMzk3TGNzdXBZMmZJblNkRW9HZnNlbmRteGpzUDd0R0xIR0VPQ1RRUU1qbjU2NlMybllpClBIVllEMkhYK1ZaOVNkRjVpU1ZjNzkwQkR3cUVkVHVzMGdaUFE5KytUeXduZVZkNlVNZmVIbHJ3b0RoMGlybUkKUUQ2T29wSXJkYndMY3B0RHJUL2JCb21oR011T3ZxcVdlTWdrK3FrMEFyU09sN2dMd04zNHQ3a28ycUNtNERBNQorZVljWDFhblBrR2RGWGlrZUUwMmRqSFVFS2kwdXFRekhGcGxyQlpaY2k2cXg2aklybFB5ZzRtaWsxWWpXdU1KCjRVTFFWcm5CRTRVNFN0UmxLdDloR3Q4WFNRd0pkZU9MbkhHNDkrcWRUUnQ2OEpPdCtZZ2puLzBPdVcwcDNOWlgKR05aTU9aM1p6bnlpZHF5RmZObkM4QkRHaXZ3NytZa3NQS1g0aHd5T2pJWExCSm81Ykp1cjdtR2VWMXhMNFNLNgp0WldIYUFUN1lEbCtjWTFFQ1FEOGdHVkJBUkpKQnlGbXQ4aWQ4WEVySThzN1lURmdPaEtEVFZNYzJHZGdzdFloCktCSmZiZlQ0UFpCM3NobFE3d3hOYVdPbWl3SURBUUFCbzBJd1FEQU9CZ05WSFE4QkFmOEVCQU1DQWdRd0R3WUQKVlIwVEFRSC9CQVV3QXdFQi96QWRCZ05WSFE0RUZnUVVGcFpCNXZOdk1KSlJyeCtrb1BMd0lSZFljSVF3RFFZSgpLb1pJaHZjTkFRRUxCUUFEZ2dHQkFLU3FIZDBFbnh0MnFkd3kyR09qVXQwUTZUejh2SWl1TWxwcnowT0xBUzcwCnREYmpRT2VOYUlUSDNXTmViNUIwTENPVVdYSTVzd1ZaYkExcm0rMFI2VmFYdWlVUUJ2YUlFVnRZblg0bVZ4dk8KSGFDMFdvckpIazhaVUozcFg1N0tOQ2I2ZXZqRWJRMWxiK0oraURyTldiSENYL25oTFp0Mk05Z2VkZGpsd25qQgo3ZlY5aTZtbzg1c0RLbG4wNVFETVY5Y0tuQTdBb2ZFVDBMclJxaWR4QmZvMzJSeWYyaTNLbUpFNnB0VHVFZHlUCk5uRmJ2K2NMSjVPWnRIVzdSQzRGRmpQVXB3SFhLSlFXVWY2dmptb1R3ZkJ1aXhHS0dxRmt3ZU1jZ3JERi85NmUKSGRObDdhYlFjTE5zKzdtUk5uSzlza1lvK3NNS2RtbFVHRU1xMVdPRVBFSkxlRitkcWV3QnVPellyYlc4dW0rTQpwWk8zdkdxZ3pmZ01BZERhd0JxdHVka29LWGlUSVlNZG1BTExsZmNESFUvV2tZblV2SVhsOGpueEd3YmNrc0ZECkkrcWFaOGhWY3NUYXZpSnVDN21hSFZ1dEpCVklqMEhhZWFJb1JkNVpmTnpGQVlrUjcxVVp4Ri82KzRoT3FCV2MKb1I5VGd3ZFAxOVJhNmk1eitPOEZBUT09Ci0tLS0tRU5EIENFUlRJRklDQVRFLS0tLS0K"
              }
            ],
            "master_authorized_networks_config": [],
            "master_version": "1.28.7-gke.1026000",
            "mesh_certificates": [],
            "min_master_version": null,
            "monitoring_config": [
              {
                "enable_components": [
                  "SYSTEM_COMPONENTS"
                ],
                "managed_prometheus": [
                  {
                    "enabled": true
                  }
                ]
              }
            ],
            "monitoring_service": "monitoring.googleapis.com/kubernetes",
            "name": "demo",
            "network": "projects/prometheus-419514/global/networks/default",
            "network_policy": [
              {
                "enabled": false,
                "provider": "PROVIDER_UNSPECIFIED"
              }
            ],
            "networking_mode": "ROUTES",
            "node_config": [],
            "node_locations": [],
            "node_pool": [],
            "node_pool_defaults": [
              {
                "node_config_defaults": [
                  {
                    "logging_variant": "DEFAULT"
                  }
                ]
              }
            ],
            "node_version": "1.28.7-gke.1026000",
            "notification_config": [
              {
                "pubsub": [
                  {
                    "enabled": false,
                    "filter": [],
                    "topic": ""
                  }
                ]
              }
            ],
            "operation": null,
            "private_cluster_config": [
              {
                "enable_private_endpoint": false,
                "enable_private_nodes": false,
                "master_global_access_config": [
                  {
                    "enabled": false
                  }
                ],
                "master_ipv4_cidr_block": "",
                "peering_name": "",
                "private_endpoint": "10.128.0.13",
                "private_endpoint_subnetwork": "",
                "public_endpoint": "35.193.65.100"
              }
            ],
            "private_ipv6_google_access": "",
            "project": "prometheus-419514",
            "release_channel": [
              {
                "channel": "REGULAR"
              }
            ],
            "remove_default_node_pool": true,
            "resource_labels": null,
            "resource_usage_export_config": [],
            "self_link": "https://container.googleapis.com/v1/projects/prometheus-419514/zones/us-central1-c/clusters/demo",
            "service_external_ips_config": [
              {
                "enabled": false
              }
            ],
            "services_ipv4_cidr": "10.51.240.0/20",
            "subnetwork": "projects/prometheus-419514/regions/us-central1/subnetworks/default",
            "timeouts": null,
            "tpu_ipv4_cidr_block": "",
            "vertical_pod_autoscaling": [],
            "workload_identity_config": []
          },
          "sensitive_attributes": [],
          "private": ""
        }
      ]
    },
    {
      "mode": "managed",
      "type": "google_container_node_pool",
      "name": "demo",
      "provider": "provider[\"registry.terraform.io/hashicorp/google\"]",
      "instances": [
        {
          "schema_version": 1,
          "attributes": {
            "autoscaling": [],
            "cluster": "demo",
            "id": "projects/prometheus-419514/locations/us-central1-c/clusters/demo/nodePools/main",
            "initial_node_count": 2,
            "instance_group_urls": [
              "https://www.googleapis.com/compute/v1/projects/prometheus-419514/zones/us-central1-c/instanceGroupManagers/gke-demo-main-461e8171-grp"
            ],
            "location": "us-central1-c",
            "managed_instance_group_urls": [
              "https://www.googleapis.com/compute/v1/projects/prometheus-419514/zones/us-central1-c/instanceGroups/gke-demo-main-461e8171-grp"
            ],
            "management": [
              {
                "auto_repair": true,
                "auto_upgrade": true
              }
            ],
            "max_pods_per_node": null,
            "name": "main",
            "name_prefix": "",
            "network_config": [
              {
                "create_pod_range": false,
                "enable_private_nodes": false,
                "pod_ipv4_cidr_block": "",
                "pod_range": ""
              }
            ],
            "node_config": [
              {
                "boot_disk_kms_key": "",
                "disk_size_gb": 100,
                "disk_type": "pd-balanced",
                "gcfs_config": [],
                "guest_accelerator": [],
                "gvnic": [],
                "image_type": "COS_CONTAINERD",
                "kubelet_config": [],
                "labels": {},
                "linux_node_config": [],
                "local_ssd_count": 0,
                "logging_variant": "DEFAULT",
                "machine_type": "g1-small",
                "metadata": {
                  "disable-legacy-endpoints": "true"
                },
                "min_cpu_platform": "",
                "node_group": "",
                "oauth_scopes": [
                  "https://www.googleapis.com/auth/devstorage.read_only",
                  "https://www.googleapis.com/auth/logging.write",
                  "https://www.googleapis.com/auth/monitoring",
                  "https://www.googleapis.com/auth/service.management.readonly",
                  "https://www.googleapis.com/auth/servicecontrol",
                  "https://www.googleapis.com/auth/trace.append"
                ],
                "preemptible": false,
                "reservation_affinity": [],
                "resource_labels": null,
                "service_account": "default",
                "shielded_instance_config": [
                  {
                    "enable_integrity_monitoring": true,
                    "enable_secure_boot": false
                  }
                ],
                "spot": false,
                "tags": null,
                "taint": [],
                "workload_metadata_config": []
              }
            ],
            "node_count": 2,
            "node_locations": [
              "us-central1-c"
            ],
            "operation": null,
            "placement_policy": [],
            "project": "prometheus-419514",
            "timeouts": null,
            "upgrade_settings": [
              {
                "blue_green_settings": [],
                "max_surge": 1,
                "max_unavailable": 0,
                "strategy": "SURGE"
              }
            ],
            "version": "1.28.7-gke.1026000"
          },
          "sensitive_attributes": [],
          "private": "eyJlMmJmYjczMC1lY2FhLTExZTYtOGY4OC0zNDM2M2JjN2M0YzAiOnsiY3JlYXRlIjoxODAwMDAwMDAwMDAwLCJkZWxldGUiOjE4MDAwMDAwMDAwMDAsInVwZGF0ZSI6MTgwMDAwMDAwMDAwMH0sInNjaGVtYV92ZXJzaW9uIjoiMSJ9",
          "dependencies": [
            "google_container_cluster.demo"
          ]
        }
      ]
    }
  ],
  "check_results": null
}
